
Microsoft Visual Studio Solution File, Format Version 12.00
# Visual Studio Version 17
VisualStudioVersion = 17.6.33712.159
MinimumVisualStudioVersion = 10.0.40219.1
Project("{FAE04EC0-301F-11D3-BF4B-00C04F79EFBC}") = "ShoppingList.Web", "ShoppingList\ShoppingList.Web.csproj", "{28E9F565-7422-4F1F-84E8-CA497871291B}"
EndProject
Project("{FAE04EC0-301F-11D3-BF4B-00C04F79EFBC}") = "ShoppingList.Core", "ShoppingList.Core\ShoppingList.Core.csproj", "{C113EA2D-B43D-4F6B-895B-EDAB10F065EC}"
EndProject
Project("{FAE04EC0-301F-11D3-BF4B-00C04F79EFBC}") = "ShoppingList.Infrastructure", "ShoppingList.Infrastructure\ShoppingList.Infrastructure.csproj", "{1E58759D-2C19-475D-AFD7-C2701E7DDCEA}"
EndProject
Global
	GlobalSection(SolutionConfigurationPlatforms) = preSolution
		Debug|Any CPU = Debug|Any CPU
		Release|Any CPU = Release|Any CPU
	EndGlobalSection
	GlobalSection(ProjectConfigurationPlatforms) = postSolution
		{28E9F565-7422-4F1F-84E8-CA497871291B}.Debug|Any CPU.ActiveCfg = Debug|Any CPU
		{28E9F565-7422-4F1F-84E8-CA497871291B}.Debug|Any CPU.Build.0 = Debug|Any CPU
		{28E9F565-7422-4F1F-84E8-CA497871291B}.Release|Any CPU.ActiveCfg = Release|Any CPU
		{28E9F565-7422-4F1F-84E8-CA497871291B}.Release|Any CPU.Build.0 = Release|Any CPU
		{C113EA2D-B43D-4F6B-895B-EDAB10F065EC}.Debug|Any CPU.ActiveCfg = Debug|Any CPU
		{C113EA2D-B43D-4F6B-895B-EDAB10F065EC}.Debug|Any CPU.Build.0 = Debug|Any CPU
		{C113EA2D-B43D-4F6B-895B-EDAB10F065EC}.Release|Any CPU.ActiveCfg = Release|Any CPU
		{C113EA2D-B43D-4F6B-895B-EDAB10F065EC}.Release|Any CPU.Build.0 = Release|Any CPU
		{1E58759D-2C19-475D-AFD7-C2701E7DDCEA}.Debug|Any CPU.ActiveCfg = Debug|Any CPU
		{1E58759D-2C19-475D-AFD7-C2701E7DDCEA}.Debug|Any CPU.Build.0 = Debug|Any CPU
		{1E58759D-2C19-475D-AFD7-C2701E7DDCEA}.Release|Any CPU.ActiveCfg = Release|Any CPU
		{1E58759D-2C19-475D-AFD7-C2701E7DDCEA}.Release|Any CPU.Build.0 = Release|Any CPU
	EndGlobalSection
	GlobalSection(SolutionProperties) = preSolution
		HideSolutionNode = FALSE
	EndGlobalSection
	GlobalSection(ExtensibilityGlobals) = postSolution
		SolutionGuid = {60E21E09-D394-4B56-A701-6FB9C614AB90}
	EndGlobalSection
EndGlobal
